
Microsoft Visual Studio Solution File, Format Version 12.00
# Visual Studio Version 16
VisualStudioVersion = 16.0.31229.75
MinimumVisualStudioVersion = 10.0.40219.1
Project("{F2A71F9B-5D33-465A-A702-920D77279786}") = "Interop.Fsharp", "Interop.Fsharp\Interop.Fsharp.fsproj", "{075BE7F2-C7DD-4278-AC85-4D279C101F68}"
EndProject
Project("{FAE04EC0-301F-11D3-BF4B-00C04F79EFBC}") = "Interop.Csharp", "Interop.Csharp\Interop.Csharp.csproj", "{56C829D3-3331-451E-92ED-C3476ED2BC18}"
EndProject
Global
	GlobalSection(SolutionConfigurationPlatforms) = preSolution
		Debug|Any CPU = Debug|Any CPU
		Release|Any CPU = Release|Any CPU
	EndGlobalSection
	GlobalSection(ProjectConfigurationPlatforms) = postSolution
		{075BE7F2-C7DD-4278-AC85-4D279C101F68}.Debug|Any CPU.ActiveCfg = Debug|Any CPU
		{075BE7F2-C7DD-4278-AC85-4D279C101F68}.Debug|Any CPU.Build.0 = Debug|Any CPU
		{075BE7F2-C7DD-4278-AC85-4D279C101F68}.Release|Any CPU.ActiveCfg = Release|Any CPU
		{075BE7F2-C7DD-4278-AC85-4D279C101F68}.Release|Any CPU.Build.0 = Release|Any CPU
		{56C829D3-3331-451E-92ED-C3476ED2BC18}.Debug|Any CPU.ActiveCfg = Debug|Any CPU
		{56C829D3-3331-451E-92ED-C3476ED2BC18}.Debug|Any CPU.Build.0 = Debug|Any CPU
		{56C829D3-3331-451E-92ED-C3476ED2BC18}.Release|Any CPU.ActiveCfg = Release|Any CPU
		{56C829D3-3331-451E-92ED-C3476ED2BC18}.Release|Any CPU.Build.0 = Release|Any CPU
	EndGlobalSection
	GlobalSection(SolutionProperties) = preSolution
		HideSolutionNode = FALSE
	EndGlobalSection
	GlobalSection(ExtensibilityGlobals) = postSolution
		SolutionGuid = {E70DACB9-A8FF-414F-99E5-7D18611DA147}
	EndGlobalSection
EndGlobal
